// !$*UTF8*$!
{
	archiveVersion = 1;
	classes = {
	};
	objectVersion = 50;
	objects = {

/* Begin PBXBuildFile section */
		E49593152361D2820054A56B /* AppDelegate.swift in Sources */ = {isa = PBXBuildFile; fileRef = E49593142361D2820054A56B /* AppDelegate.swift */; };
		E49593172361D2820054A56B /* SceneDelegate.swift in Sources */ = {isa = PBXBuildFile; fileRef = E49593162361D2820054A56B /* SceneDelegate.swift */; };
		E49593192361D2820054A56B /* ViewController.swift in Sources */ = {isa = PBXBuildFile; fileRef = E49593182361D2820054A56B /* ViewController.swift */; };
		E495931C2361D2820054A56B /* Main.storyboard in Resources */ = {isa = PBXBuildFile; fileRef = E495931A2361D2820054A56B /* Main.storyboard */; };
		E495931E2361D2830054A56B /* Assets.xcassets in Resources */ = {isa = PBXBuildFile; fileRef = E495931D2361D2830054A56B /* Assets.xcassets */; };
		E49593212361D2830054A56B /* LaunchScreen.storyboard in Resources */ = {isa = PBXBuildFile; fileRef = E495931F2361D2830054A56B /* LaunchScreen.storyboard */; };
		E49593292361D63E0054A56B /* Jokes.swift in Sources */ = {isa = PBXBuildFile; fileRef = E49593282361D63E0054A56B /* Jokes.swift */; };
		E495932E2361E1E30054A56B /* Astro.png in Resources */ = {isa = PBXBuildFile; fileRef = E495932A2361E1E20054A56B /* Astro.png */; };
		E495932F2361E1E30054A56B /* Squido.png in Resources */ = {isa = PBXBuildFile; fileRef = E495932B2361E1E30054A56B /* Squido.png */; };
		E49593302361E1E30054A56B /* Munchie.png in Resources */ = {isa = PBXBuildFile; fileRef = E495932C2361E1E30054A56B /* Munchie.png */; };
		E49593312361E1E30054A56B /* Fluffy.png in Resources */ = {isa = PBXBuildFile; fileRef = E495932D2361E1E30054A56B /* Fluffy.png */; };
		E4959333236878D50054A56B /* NewViewController.swift in Sources */ = {isa = PBXBuildFile; fileRef = E4959332236878D50054A56B /* NewViewController.swift */; };
		E4959335236881260054A56B /* NewTableViewController.swift in Sources */ = {isa = PBXBuildFile; fileRef = E4959334236881260054A56B /* NewTableViewController.swift */; };
/* End PBXBuildFile section */

/* Begin PBXFileReference section */
		E49593112361D2820054A56B /* SecondIOSApp.app */ = {isa = PBXFileReference; explicitFileType = wrapper.application; includeInIndex = 0; path = SecondIOSApp.app; sourceTree = BUILT_PRODUCTS_DIR; };
		E49593142361D2820054A56B /* AppDelegate.swift */ = {isa = PBXFileReference; lastKnownFileType = sourcecode.swift; path = AppDelegate.swift; sourceTree = "<group>"; };
		E49593162361D2820054A56B /* SceneDelegate.swift */ = {isa = PBXFileReference; lastKnownFileType = sourcecode.swift; path = SceneDelegate.swift; sourceTree = "<group>"; };
		E49593182361D2820054A56B /* ViewController.swift */ = {isa = PBXFileReference; lastKnownFileType = sourcecode.swift; path = ViewController.swift; sourceTree = "<group>"; };
		E495931B2361D2820054A56B /* Base */ = {isa = PBXFileReference; lastKnownFileType = file.storyboard; name = Base; path = Base.lproj/Main.storyboard; sourceTree = "<group>"; };
		E495931D2361D2830054A56B /* Assets.xcassets */ = {isa = PBXFileReference; lastKnownFileType = folder.assetcatalog; path = Assets.xcassets; sourceTree = "<group>"; };
		E49593202361D2830054A56B /* Base */ = {isa = PBXFileReference; lastKnownFileType = file.storyboard; name = Base; path = Base.lproj/LaunchScreen.storyboard; sourceTree = "<group>"; };
		E49593222361D2830054A56B /* Info.plist */ = {isa = PBXFileReference; lastKnownFileType = text.plist.xml; path = Info.plist; sourceTree = "<group>"; };
		E49593282361D63E0054A56B /* Jokes.swift */ = {isa = PBXFileReference; lastKnownFileType = sourcecode.swift; path = Jokes.swift; sourceTree = "<group>"; };
		E495932A2361E1E20054A56B /* Astro.png */ = {isa = PBXFileReference; lastKnownFileType = image.png; path = Astro.png; sourceTree = "<group>"; };
		E495932B2361E1E30054A56B /* Squido.png */ = {isa = PBXFileReference; lastKnownFileType = image.png; path = Squido.png; sourceTree = "<group>"; };
		E495932C2361E1E30054A56B /* Munchie.png */ = {isa = PBXFileReference; lastKnownFileType = image.png; path = Munchie.png; sourceTree = "<group>"; };
		E495932D2361E1E30054A56B /* Fluffy.png */ = {isa = PBXFileReference; lastKnownFileType = image.png; path = Fluffy.png; sourceTree = "<group>"; };
		E4959332236878D50054A56B /* NewViewController.swift */ = {isa = PBXFileReference; lastKnownFileType = sourcecode.swift; path = NewViewController.swift; sourceTree = "<group>"; };
		E4959334236881260054A56B /* NewTableViewController.swift */ = {isa = PBXFileReference; lastKnownFileType = sourcecode.swift; path = NewTableViewController.swift; sourceTree = "<group>"; };
/* End PBXFileReference section */

/* Begin PBXFrameworksBuildPhase section */
		E495930E2361D2820054A56B /* Frameworks */ = {
			isa = PBXFrameworksBuildPhase;
			buildActionMask = 2147483647;
			files = (
			);
			runOnlyForDeploymentPostprocessing = 0;
		};
/* End PBXFrameworksBuildPhase section */

/* Begin PBXGroup section */
		E49593082361D2820054A56B = {
			isa = PBXGroup;
			children = (
				E49593132361D2820054A56B /* SecondIOSApp */,
				E49593122361D2820054A56B /* Products */,
			);
			sourceTree = "<group>";
		};
		E49593122361D2820054A56B /* Products */ = {
			isa = PBXGroup;
			children = (
				E49593112361D2820054A56B /* SecondIOSApp.app */,
			);
			name = Products;
			sourceTree = "<group>";
		};
		E49593132361D2820054A56B /* SecondIOSApp */ = {
			isa = PBXGroup;
			children = (
				E49593142361D2820054A56B /* AppDelegate.swift */,
				E49593162361D2820054A56B /* SceneDelegate.swift */,
				E49593182361D2820054A56B /* ViewController.swift */,
				E495931A2361D2820054A56B /* Main.storyboard */,
				E495931D2361D2830054A56B /* Assets.xcassets */,
				E495931F2361D2830054A56B /* LaunchScreen.storyboard */,
				E49593222361D2830054A56B /* Info.plist */,
				E49593282361D63E0054A56B /* Jokes.swift */,
				E495932A2361E1E20054A56B /* Astro.png */,
				E495932D2361E1E30054A56B /* Fluffy.png */,
				E495932C2361E1E30054A56B /* Munchie.png */,
				E495932B2361E1E30054A56B /* Squido.png */,
				E4959332236878D50054A56B /* NewViewController.swift */,
				E4959334236881260054A56B /* NewTableViewController.swift */,
			);
			path = SecondIOSApp;
			sourceTree = "<group>";
		};
/* End PBXGroup section */

/* Begin PBXNativeTarget section */
		E49593102361D2820054A56B /* SecondIOSApp */ = {
			isa = PBXNativeTarget;
			buildConfigurationList = E49593252361D2830054A56B /* Build configuration list for PBXNativeTarget "SecondIOSApp" */;
			buildPhases = (
				E495930D2361D2820054A56B /* Sources */,
				E495930E2361D2820054A56B /* Frameworks */,
				E495930F2361D2820054A56B /* Resources */,
			);
			buildRules = (
			);
			dependencies = (
			);
			name = SecondIOSApp;
			productName = SecondIOSApp;
			productReference = E49593112361D2820054A56B /* SecondIOSApp.app */;
			productType = "com.apple.product-type.application";
		};
/* End PBXNativeTarget section */

/* Begin PBXProject section */
		E49593092361D2820054A56B /* Project object */ = {
			isa = PBXProject;
			attributes = {
				LastSwiftUpdateCheck = 1110;
				LastUpgradeCheck = 1110;
				ORGANIZATIONNAME = "Mbadu, Edmond Ngoma";
				TargetAttributes = {
					E49593102361D2820054A56B = {
						CreatedOnToolsVersion = 11.1;
					};
				};
			};
			buildConfigurationList = E495930C2361D2820054A56B /* Build configuration list for PBXProject "SecondIOSApp" */;
			compatibilityVersion = "Xcode 9.3";
			developmentRegion = en;
			hasScannedForEncodings = 0;
			knownRegions = (
				en,
				Base,
			);
			mainGroup = E49593082361D2820054A56B;
			productRefGroup = E49593122361D2820054A56B /* Products */;
			projectDirPath = "";
			projectRoot = "";
			targets = (
				E49593102361D2820054A56B /* SecondIOSApp */,
			);
		};
/* End PBXProject section */

/* Begin PBXResourcesBuildPhase section */
		E495930F2361D2820054A56B /* Resources */ = {
			isa = PBXResourcesBuildPhase;
			buildActionMask = 2147483647;
			files = (
				E495932F2361E1E30054A56B /* Squido.png in Resources */,
				E49593302361E1E30054A56B /* Munchie.png in Resources */,
				E49593212361D2830054A56B /* LaunchScreen.storyboard in Resources */,
				E49593312361E1E30054A56B /* Fluffy.png in Resources */,
				E495932E2361E1E30054A56B /* Astro.png in Resources */,
				E495931E2361D2830054A56B /* Assets.xcassets in Resources */,
				E495931C2361D2820054A56B /* Main.storyboard in Resources */,
			);
			runOnlyForDeploymentPostprocessing = 0;
		};
/* End PBXResourcesBuildPhase section */

/* Begin PBXSourcesBuildPhase section */
		E495930D2361D2820054A56B /* Sources */ = {
			isa = PBXSourcesBuildPhase;
			buildActionMask = 2147483647;
			files = (
				E49593192361D2820054A56B /* ViewController.swift in Sources */,
				E49593152361D2820054A56B /* AppDelegate.swift in Sources */,
				E4959335236881260054A56B /* NewTableViewController.swift in Sources */,
				E4959333236878D50054A56B /* NewViewController.swift in Sources */,
				E49593292361D63E0054A56B /* Jokes.swift in Sources */,
				E49593172361D2820054A56B /* SceneDelegate.swift in Sources */,
			);
			runOnlyForDeploymentPostprocessing = 0;
		};
/* End PBXSourcesBuildPhase section */

/* Begin PBXVariantGroup section */
		E495931A2361D2820054A56B /* Main.storyboard */ = {
			isa = PBXVariantGroup;
			children = (
				E495931B2361D2820054A56B /* Base */,
			);
			name = Main.storyboard;
			sourceTree = "<group>";
		};
		E495931F2361D2830054A56B /* LaunchScreen.storyboard */ = {
			isa = PBXVariantGroup;
			children = (
				E49593202361D2830054A56B /* Base */,
			);
			name = LaunchScreen.storyboard;
			sourceTree = "<group>";
		};
/* End PBXVariantGroup section */

/* Begin XCBuildConfiguration section */
		E49593232361D2830054A56B /* Debug */ = {
			isa = XCBuildConfiguration;
			buildSettings = {
				ALWAYS_SEARCH_USER_PATHS = NO;
				CLANG_ANALYZER_NONNULL = YES;
				CLANG_ANALYZER_NUMBER_OBJECT_CONVERSION = YES_AGGRESSIVE;
				CLANG_CXX_LANGUAGE_STANDARD = "gnu++14";
				CLANG_CXX_LIBRARY = "libc++";
				CLANG_ENABLE_MODULES = YES;
				CLANG_ENABLE_OBJC_ARC = YES;
				CLANG_ENABLE_OBJC_WEAK = YES;
				CLANG_WARN_BLOCK_CAPTURE_AUTORELEASING = YES;
				CLANG_WARN_BOOL_CONVERSION = YES;
				CLANG_WARN_COMMA = YES;
				CLANG_WARN_CONSTANT_CONVERSION = YES;
				CLANG_WARN_DEPRECATED_OBJC_IMPLEMENTATIONS = YES;
				CLANG_WARN_DIRECT_OBJC_ISA_USAGE = YES_ERROR;
				CLANG_WARN_DOCUMENTATION_COMMENTS = YES;
				CLANG_WARN_EMPTY_BODY = YES;
				CLANG_WARN_ENUM_CONVERSION = YES;
				CLANG_WARN_INFINITE_RECURSION = YES;
				CLANG_WARN_INT_CONVERSION = YES;
				CLANG_WARN_NON_LITERAL_NULL_CONVERSION = YES;
				CLANG_WARN_OBJC_IMPLICIT_RETAIN_SELF = YES;
				CLANG_WARN_OBJC_LITERAL_CONVERSION = YES;
				CLANG_WARN_OBJC_ROOT_CLASS = YES_ERROR;
				CLANG_WARN_RANGE_LOOP_ANALYSIS = YES;
				CLANG_WARN_STRICT_PROTOTYPES = YES;
				CLANG_WARN_SUSPICIOUS_MOVE = YES;
				CLANG_WARN_UNGUARDED_AVAILABILITY = YES_AGGRESSIVE;
				CLANG_WARN_UNREACHABLE_CODE = YES;
				CLANG_WARN__DUPLICATE_METHOD_MATCH = YES;
				COPY_PHASE_STRIP = NO;
				DEBUG_INFORMATION_FORMAT = dwarf;
				ENABLE_STRICT_OBJC_MSGSEND = YES;
				ENABLE_TESTABILITY = YES;
				GCC_C_LANGUAGE_STANDARD = gnu11;
				GCC_DYNAMIC_NO_PIC = NO;
				GCC_NO_COMMON_BLOCKS = YES;
				GCC_OPTIMIZATION_LEVEL = 0;
				GCC_PREPROCESSOR_DEFINITIONS = (
					"DEBUG=1",
					"$(inherited)",
				);
				GCC_WARN_64_TO_32_BIT_CONVERSION = YES;
				GCC_WARN_ABOUT_RETURN_TYPE = YES_ERROR;
				GCC_WARN_UNDECLARED_SELECTOR = YES;
				GCC_WARN_UNINITIALIZED_AUTOS = YES_AGGRESSIVE;
				GCC_WARN_UNUSED_FUNCTION = YES;
				GCC_WARN_UNUSED_VARIABLE = YES;
				IPHONEOS_DEPLOYMENT_TARGET = 13.1;
				MTL_ENABLE_DEBUG_INFO = INCLUDE_SOURCE;
				MTL_FAST_MATH = YES;
				ONLY_ACTIVE_ARCH = YES;
				SDKROOT = iphoneos;
				SWIFT_ACTIVE_COMPILATION_CONDITIONS = DEBUG;
				SWIFT_OPTIMIZATION_LEVEL = "-Onone";
			};
			name = Debug;
		};
		E49593242361D2830054A56B /* Release */ = {
			isa = XCBuildConfiguration;
			buildSettings = {
				ALWAYS_SEARCH_USER_PATHS = NO;
				CLANG_ANALYZER_NONNULL = YES;
				CLANG_ANALYZER_NUMBER_OBJECT_CONVERSION = YES_AGGRESSIVE;
				CLANG_CXX_LANGUAGE_STANDARD = "gnu++14";
				CLANG_CXX_LIBRARY = "libc++";
				CLANG_ENABLE_MODULES = YES;
				CLANG_ENABLE_OBJC_ARC = YES;
				CLANG_ENABLE_OBJC_WEAK = YES;
				CLANG_WARN_BLOCK_CAPTURE_AUTORELEASING = YES;
				CLANG_WARN_BOOL_CONVERSION = YES;
				CLANG_WARN_COMMA = YES;
				CLANG_WARN_CONSTANT_CONVERSION = YES;
				CLANG_WARN_DEPRECATED_OBJC_IMPLEMENTATIONS = YES;
				CLANG_WARN_DIRECT_OBJC_ISA_USAGE = YES_ERROR;
				CLANG_WARN_DOCUMENTATION_COMMENTS = YES;
				CLANG_WARN_EMPTY_BODY = YES;
				CLANG_WARN_ENUM_CONVERSION = YES;
				CLANG_WARN_INFINITE_RECURSION = YES;
				CLANG_WARN_INT_CONVERSION = YES;
				CLANG_WARN_NON_LITERAL_NULL_CONVERSION = YES;
				CLANG_WARN_OBJC_IMPLICIT_RETAIN_SELF = YES;
				CLANG_WARN_OBJC_LITERAL_CONVERSION = YES;
				CLANG_WARN_OBJC_ROOT_CLASS = YES_ERROR;
				CLANG_WARN_RANGE_LOOP_ANALYSIS = YES;
				CLANG_WARN_STRICT_PROTOTYPES = YES;
				CLANG_WARN_SUSPICIOUS_MOVE = YES;
				CLANG_WARN_UNGUARDED_AVAILABILITY = YES_AGGRESSIVE;
				CLANG_WARN_UNREACHABLE_CODE = YES;
				CLANG_WARN__DUPLICATE_METHOD_MATCH = YES;
				COPY_PHASE_STRIP = NO;
				DEBUG_INFORMATION_FORMAT = "dwarf-with-dsym";
				ENABLE_NS_ASSERTIONS = NO;
				ENABLE_STRICT_OBJC_MSGSEND = YES;
				GCC_C_LANGUAGE_STANDARD = gnu11;
				GCC_NO_COMMON_BLOCKS = YES;
				GCC_WARN_64_TO_32_BIT_CONVERSION = YES;
				GCC_WARN_ABOUT_RETURN_TYPE = YES_ERROR;
				GCC_WARN_UNDECLARED_SELECTOR = YES;
				GCC_WARN_UNINITIALIZED_AUTOS = YES_AGGRESSIVE;
				GCC_WARN_UNUSED_FUNCTION = YES;
				GCC_WARN_UNUSED_VARIABLE = YES;
				IPHONEOS_DEPLOYMENT_TARGET = 13.1;
				MTL_ENABLE_DEBUG_INFO = NO;
				MTL_FAST_MATH = YES;
				SDKROOT = iphoneos;
				SWIFT_COMPILATION_MODE = wholemodule;
				SWIFT_OPTIMIZATION_LEVEL = "-O";
				VALIDATE_PRODUCT = YES;
			};
			name = Release;
		};
		E49593262361D2830054A56B /* Debug */ = {
			isa = XCBuildConfiguration;
			buildSettings = {
				ASSETCATALOG_COMPILER_APPICON_NAME = AppIcon;
				CODE_SIGN_STYLE = Automatic;
				DEVELOPMENT_TEAM = NK3H883YB2;
				INFOPLIST_FILE = SecondIOSApp/Info.plist;
				LD_RUNPATH_SEARCH_PATHS = (
					"$(inherited)",
					"@executable_path/Frameworks",
				);
				PRODUCT_BUNDLE_IDENTIFIER = com.edmond.SecondIOSApp;
				PRODUCT_NAME = "$(TARGET_NAME)";
				SWIFT_VERSION = 5.0;
				TARGETED_DEVICE_FAMILY = 1;
			};
			name = Debug;
		};
		E49593272361D2830054A56B /* Release */ = {
			isa = XCBuildConfiguration;
			buildSettings = {
				ASSETCATALOG_COMPILER_APPICON_NAME = AppIcon;
				CODE_SIGN_STYLE = Automatic;
				DEVELOPMENT_TEAM = NK3H883YB2;
				INFOPLIST_FILE = SecondIOSApp/Info.plist;
				LD_RUNPATH_SEARCH_PATHS = (
					"$(inherited)",
					"@executable_path/Frameworks",
				);
				PRODUCT_BUNDLE_IDENTIFIER = com.edmond.SecondIOSApp;
				PRODUCT_NAME = "$(TARGET_NAME)";
				SWIFT_VERSION = 5.0;
				TARGETED_DEVICE_FAMILY = 1;
			};
			name = Release;
		};
/* End XCBuildConfiguration section */

/* Begin XCConfigurationList section */
		E495930C2361D2820054A56B /* Build configuration list for PBXProject "SecondIOSApp" */ = {
			isa = XCConfigurationList;
			buildConfigurations = (
				E49593232361D2830054A56B /* Debug */,
				E49593242361D2830054A56B /* Release */,
			);
			defaultConfigurationIsVisible = 0;
			defaultConfigurationName = Release;
		};
		E49593252361D2830054A56B /* Build configuration list for PBXNativeTarget "SecondIOSApp" */ = {
			isa = XCConfigurationList;
			buildConfigurations = (
				E49593262361D2830054A56B /* Debug */,
				E49593272361D2830054A56B /* Release */,
			);
			defaultConfigurationIsVisible = 0;
			defaultConfigurationName = Release;
		};
/* End XCConfigurationList section */
	};
	rootObject = E49593092361D2820054A56B /* Project object */;
}
